
Microsoft Visual Studio Solution File, Format Version 12.00
# Visual Studio Version 16
VisualStudioVersion = 16.0.29215.179
MinimumVisualStudioVersion = 10.0.40219.1
Project("{FAE04EC0-301F-11D3-BF4B-00C04F79EFBC}") = "SysPro_Lab_08", "SysPro_Lab_08\SysPro_Lab_08.csproj", "{72219094-E0F2-4DC9-B77E-39FC7F0EBAE1}"
EndProject
Global
	GlobalSection(SolutionConfigurationPlatforms) = preSolution
		Debug|Any CPU = Debug|Any CPU
		Release|Any CPU = Release|Any CPU
	EndGlobalSection
	GlobalSection(ProjectConfigurationPlatforms) = postSolution
		{72219094-E0F2-4DC9-B77E-39FC7F0EBAE1}.Debug|Any CPU.ActiveCfg = Debug|Any CPU
		{72219094-E0F2-4DC9-B77E-39FC7F0EBAE1}.Debug|Any CPU.Build.0 = Debug|Any CPU
		{72219094-E0F2-4DC9-B77E-39FC7F0EBAE1}.Release|Any CPU.ActiveCfg = Release|Any CPU
		{72219094-E0F2-4DC9-B77E-39FC7F0EBAE1}.Release|Any CPU.Build.0 = Release|Any CPU
	EndGlobalSection
	GlobalSection(SolutionProperties) = preSolution
		HideSolutionNode = FALSE
	EndGlobalSection
	GlobalSection(ExtensibilityGlobals) = postSolution
		SolutionGuid = {49C4E46D-ED71-43F2-A214-CC573D6547F6}
	EndGlobalSection
EndGlobal
